<Solution>
  <Configurations>
    <Platform Name="x64" />
    <Platform Name="x86" />
  </Configurations>
  <Project Path="Lab_1/Lab_1.vcxproj" Id="a23f4c90-2f31-4d9a-b491-153350839b86" />
  <Project Path="Lab_2/Lab_2.vcxproj" Id="dbb15069-2a9c-4bff-a10b-2b241b74200c" />
  <Project Path="Lab_4/Lab_4.vcxproj" Id="ea8a414c-e408-4bbb-bf66-cf05ab9e542c" />
  <Project Path="Lab_5/Lab_5.vcxproj" Id="5c70e088-070e-415a-92c4-007111f57ccf" />
  <Project Path="Lab_6/Lab_6.vcxproj" Id="d8befca4-e01b-46fe-ad66-d2fcc8d685c2" />
</Solution>
